
Microsoft Visual Studio Solution File, Format Version 12.00
# Visual Studio Version 16
VisualStudioVersion = 16.0.30621.155
MinimumVisualStudioVersion = 10.0.40219.1
Project("{FAE04EC0-301F-11D3-BF4B-00C04F79EFBC}") = "Assignment2", "Assignment2.csproj", "{E1AD825B-E981-4AB2-A758-9E5372710868}"
EndProject
Global
	GlobalSection(SolutionConfigurationPlatforms) = preSolution
		Debug|Any CPU = Debug|Any CPU
		Release|Any CPU = Release|Any CPU
	EndGlobalSection
	GlobalSection(ProjectConfigurationPlatforms) = postSolution
		{E1AD825B-E981-4AB2-A758-9E5372710868}.Debug|Any CPU.ActiveCfg = Debug|Any CPU
		{E1AD825B-E981-4AB2-A758-9E5372710868}.Debug|Any CPU.Build.0 = Debug|Any CPU
		{E1AD825B-E981-4AB2-A758-9E5372710868}.Release|Any CPU.ActiveCfg = Release|Any CPU
		{E1AD825B-E981-4AB2-A758-9E5372710868}.Release|Any CPU.Build.0 = Release|Any CPU
	EndGlobalSection
	GlobalSection(SolutionProperties) = preSolution
		HideSolutionNode = FALSE
	EndGlobalSection
	GlobalSection(ExtensibilityGlobals) = postSolution
		SolutionGuid = {4FDE695C-A048-403C-9C8B-7CAE4E8FD440}
	EndGlobalSection
EndGlobal
